// !$*UTF8*$!
{
	archiveVersion = 1;
	classes = {
	};
	objectVersion = 46;
	objects = {

/* Begin PBXBuildFile section */
		6DBBF3DE1981E33200AD0BB9 /* main.cpp in Sources */ = {isa = PBXBuildFile; fileRef = 6DBBF3DD1981E33200AD0BB9 /* main.cpp */; };
		6DBBF3EB1981F00A00AD0BB9 /* utilities.cpp in Sources */ = {isa = PBXBuildFile; fileRef = 6DBBF3E91981F00A00AD0BB9 /* utilities.cpp */; };
		6DBBF3EE1981F68800AD0BB9 /* GeneticTSPSolver.cpp in Sources */ = {isa = PBXBuildFile; fileRef = 6DBBF3EC1981F68800AD0BB9 /* GeneticTSPSolver.cpp */; };
		6DD7FAEC1BCE432100EEF925 /* cityLocData.cpp in Sources */ = {isa = PBXBuildFile; fileRef = 6DD7FAEA1BCE432100EEF925 /* cityLocData.cpp */; settings = {ASSET_TAGS = (); }; };
		6DDC4F85198F2DFE0080908B /* OpenGL.framework in Frameworks */ = {isa = PBXBuildFile; fileRef = 6DDC4F84198F2DFE0080908B /* OpenGL.framework */; };
		6DDC4F87198F2E090080908B /* GLUT.framework in Frameworks */ = {isa = PBXBuildFile; fileRef = 6DDC4F86198F2E090080908B /* GLUT.framework */; };
		6DDC4F8A198F2E770080908B /* OpenGLMgr.cpp in Sources */ = {isa = PBXBuildFile; fileRef = 6DDC4F88198F2E770080908B /* OpenGLMgr.cpp */; };
		6DE5D6D91AF1F261002B7EF2 /* StopWatch.cpp in Sources */ = {isa = PBXBuildFile; fileRef = 6DE5D6D71AF1F261002B7EF2 /* StopWatch.cpp */; };
/* End PBXBuildFile section */

/* Begin PBXCopyFilesBuildPhase section */
		6DBBF3D81981E33200AD0BB9 /* CopyFiles */ = {
			isa = PBXCopyFilesBuildPhase;
			buildActionMask = 2147483647;
			dstPath = /usr/share/man/man1/;
			dstSubfolderSpec = 0;
			files = (
			);
			runOnlyForDeploymentPostprocessing = 1;
		};
/* End PBXCopyFilesBuildPhase section */

/* Begin PBXFileReference section */
		6DBBF3DA1981E33200AD0BB9 /* TSP */ = {isa = PBXFileReference; explicitFileType = "compiled.mach-o.executable"; includeInIndex = 0; path = TSP; sourceTree = BUILT_PRODUCTS_DIR; };
		6DBBF3DD1981E33200AD0BB9 /* main.cpp */ = {isa = PBXFileReference; lastKnownFileType = sourcecode.cpp.cpp; path = main.cpp; sourceTree = "<group>"; };
		6DBBF3E91981F00A00AD0BB9 /* utilities.cpp */ = {isa = PBXFileReference; fileEncoding = 4; lastKnownFileType = sourcecode.cpp.cpp; path = utilities.cpp; sourceTree = "<group>"; };
		6DBBF3EA1981F00A00AD0BB9 /* utilities.h */ = {isa = PBXFileReference; fileEncoding = 4; lastKnownFileType = sourcecode.c.h; path = utilities.h; sourceTree = "<group>"; };
		6DBBF3EC1981F68800AD0BB9 /* GeneticTSPSolver.cpp */ = {isa = PBXFileReference; fileEncoding = 4; lastKnownFileType = sourcecode.cpp.cpp; path = GeneticTSPSolver.cpp; sourceTree = "<group>"; };
		6DBBF3ED1981F68800AD0BB9 /* GeneticTSPSolver.h */ = {isa = PBXFileReference; fileEncoding = 4; lastKnownFileType = sourcecode.c.h; path = GeneticTSPSolver.h; sourceTree = "<group>"; };
		6DD7FAEA1BCE432100EEF925 /* cityLocData.cpp */ = {isa = PBXFileReference; fileEncoding = 4; lastKnownFileType = sourcecode.cpp.cpp; path = cityLocData.cpp; sourceTree = "<group>"; };
		6DD7FAEB1BCE432100EEF925 /* cityLocData.h */ = {isa = PBXFileReference; fileEncoding = 4; lastKnownFileType = sourcecode.c.h; path = cityLocData.h; sourceTree = "<group>"; };
		6DDC4F84198F2DFE0080908B /* OpenGL.framework */ = {isa = PBXFileReference; lastKnownFileType = wrapper.framework; name = OpenGL.framework; path = System/Library/Frameworks/OpenGL.framework; sourceTree = SDKROOT; };
		6DDC4F86198F2E090080908B /* GLUT.framework */ = {isa = PBXFileReference; lastKnownFileType = wrapper.framework; name = GLUT.framework; path = System/Library/Frameworks/GLUT.framework; sourceTree = SDKROOT; };
		6DDC4F88198F2E770080908B /* OpenGLMgr.cpp */ = {isa = PBXFileReference; fileEncoding = 4; lastKnownFileType = sourcecode.cpp.cpp; path = OpenGLMgr.cpp; sourceTree = "<group>"; };
		6DDC4F89198F2E770080908B /* OpenGLMgr.h */ = {isa = PBXFileReference; fileEncoding = 4; lastKnownFileType = sourcecode.c.h; path = OpenGLMgr.h; sourceTree = "<group>"; };
		6DE5D6D71AF1F261002B7EF2 /* StopWatch.cpp */ = {isa = PBXFileReference; fileEncoding = 4; lastKnownFileType = sourcecode.cpp.cpp; path = StopWatch.cpp; sourceTree = "<group>"; };
		6DE5D6D81AF1F261002B7EF2 /* StopWatch.h */ = {isa = PBXFileReference; fileEncoding = 4; lastKnownFileType = sourcecode.c.h; path = StopWatch.h; sourceTree = "<group>"; };
/* End PBXFileReference section */

/* Begin PBXFrameworksBuildPhase section */
		6DBBF3D71981E33200AD0BB9 /* Frameworks */ = {
			isa = PBXFrameworksBuildPhase;
			buildActionMask = 2147483647;
			files = (
				6DDC4F87198F2E090080908B /* GLUT.framework in Frameworks */,
				6DDC4F85198F2DFE0080908B /* OpenGL.framework in Frameworks */,
			);
			runOnlyForDeploymentPostprocessing = 0;
		};
/* End PBXFrameworksBuildPhase section */

/* Begin PBXGroup section */
		6DBBF3D11981E33200AD0BB9 = {
			isa = PBXGroup;
			children = (
				6DDC4F86198F2E090080908B /* GLUT.framework */,
				6DDC4F84198F2DFE0080908B /* OpenGL.framework */,
				6DBBF3DC1981E33200AD0BB9 /* TSP */,
				6DBBF3DB1981E33200AD0BB9 /* Products */,
			);
			sourceTree = "<group>";
		};
		6DBBF3DB1981E33200AD0BB9 /* Products */ = {
			isa = PBXGroup;
			children = (
				6DBBF3DA1981E33200AD0BB9 /* TSP */,
			);
			name = Products;
			sourceTree = "<group>";
		};
		6DBBF3DC1981E33200AD0BB9 /* TSP */ = {
			isa = PBXGroup;
			children = (
				6DD7FAEA1BCE432100EEF925 /* cityLocData.cpp */,
				6DD7FAEB1BCE432100EEF925 /* cityLocData.h */,
				6DBBF3DD1981E33200AD0BB9 /* main.cpp */,
				6DBBF3E91981F00A00AD0BB9 /* utilities.cpp */,
				6DBBF3EA1981F00A00AD0BB9 /* utilities.h */,
				6DBBF3EC1981F68800AD0BB9 /* GeneticTSPSolver.cpp */,
				6DBBF3ED1981F68800AD0BB9 /* GeneticTSPSolver.h */,
				6DDC4F88198F2E770080908B /* OpenGLMgr.cpp */,
				6DDC4F89198F2E770080908B /* OpenGLMgr.h */,
				6DE5D6D71AF1F261002B7EF2 /* StopWatch.cpp */,
				6DE5D6D81AF1F261002B7EF2 /* StopWatch.h */,
			);
			path = TSP;
			sourceTree = "<group>";
		};
/* End PBXGroup section */

/* Begin PBXNativeTarget section */
		6DBBF3D91981E33200AD0BB9 /* TSP */ = {
			isa = PBXNativeTarget;
			buildConfigurationList = 6DBBF3E31981E33200AD0BB9 /* Build configuration list for PBXNativeTarget "TSP" */;
			buildPhases = (
				6DBBF3D61981E33200AD0BB9 /* Sources */,
				6DBBF3D71981E33200AD0BB9 /* Frameworks */,
				6DBBF3D81981E33200AD0BB9 /* CopyFiles */,
			);
			buildRules = (
			);
			dependencies = (
			);
			name = TSP;
			productName = TSP;
			productReference = 6DBBF3DA1981E33200AD0BB9 /* TSP */;
			productType = "com.apple.product-type.tool";
		};
/* End PBXNativeTarget section */

/* Begin PBXProject section */
		6DBBF3D21981E33200AD0BB9 /* Project object */ = {
			isa = PBXProject;
			attributes = {
				LastUpgradeCheck = 0510;
				ORGANIZATIONNAME = "___FULLUSERNAME___";
			};
			buildConfigurationList = 6DBBF3D51981E33200AD0BB9 /* Build configuration list for PBXProject "TSP" */;
			compatibilityVersion = "Xcode 3.2";
			developmentRegion = English;
			hasScannedForEncodings = 0;
			knownRegions = (
				en,
			);
			mainGroup = 6DBBF3D11981E33200AD0BB9;
			productRefGroup = 6DBBF3DB1981E33200AD0BB9 /* Products */;
			projectDirPath = "";
			projectRoot = "";
			targets = (
				6DBBF3D91981E33200AD0BB9 /* TSP */,
			);
		};
/* End PBXProject section */

/* Begin PBXSourcesBuildPhase section */
		6DBBF3D61981E33200AD0BB9 /* Sources */ = {
			isa = PBXSourcesBuildPhase;
			buildActionMask = 2147483647;
			files = (
				6DBBF3EB1981F00A00AD0BB9 /* utilities.cpp in Sources */,
				6DE5D6D91AF1F261002B7EF2 /* StopWatch.cpp in Sources */,
				6DBBF3DE1981E33200AD0BB9 /* main.cpp in Sources */,
				6DDC4F8A198F2E770080908B /* OpenGLMgr.cpp in Sources */,
				6DBBF3EE1981F68800AD0BB9 /* GeneticTSPSolver.cpp in Sources */,
				6DD7FAEC1BCE432100EEF925 /* cityLocData.cpp in Sources */,
			);
			runOnlyForDeploymentPostprocessing = 0;
		};
/* End PBXSourcesBuildPhase section */

/* Begin XCBuildConfiguration section */
		6DBBF3E11981E33200AD0BB9 /* Debug */ = {
			isa = XCBuildConfiguration;
			buildSettings = {
				ALWAYS_SEARCH_USER_PATHS = NO;
				CLANG_CXX_LANGUAGE_STANDARD = "gnu++0x";
				CLANG_CXX_LIBRARY = "libc++";
				CLANG_ENABLE_MODULES = YES;
				CLANG_ENABLE_OBJC_ARC = YES;
				CLANG_WARN_BOOL_CONVERSION = YES;
				CLANG_WARN_CONSTANT_CONVERSION = YES;
				CLANG_WARN_DIRECT_OBJC_ISA_USAGE = YES_ERROR;
				CLANG_WARN_EMPTY_BODY = YES;
				CLANG_WARN_ENUM_CONVERSION = YES;
				CLANG_WARN_INT_CONVERSION = YES;
				CLANG_WARN_OBJC_ROOT_CLASS = YES_ERROR;
				CLANG_WARN__DUPLICATE_METHOD_MATCH = YES;
				COPY_PHASE_STRIP = NO;
				GCC_C_LANGUAGE_STANDARD = gnu99;
				GCC_DYNAMIC_NO_PIC = NO;
				GCC_ENABLE_OBJC_EXCEPTIONS = YES;
				GCC_OPTIMIZATION_LEVEL = 0;
				GCC_PREPROCESSOR_DEFINITIONS = (
					"DEBUG=1",
					"$(inherited)",
				);
				GCC_SYMBOLS_PRIVATE_EXTERN = NO;
				GCC_WARN_64_TO_32_BIT_CONVERSION = YES;
				GCC_WARN_ABOUT_RETURN_TYPE = YES_ERROR;
				GCC_WARN_UNDECLARED_SELECTOR = YES;
				GCC_WARN_UNINITIALIZED_AUTOS = YES_AGGRESSIVE;
				GCC_WARN_UNUSED_FUNCTION = YES;
				GCC_WARN_UNUSED_VARIABLE = YES;
				MACOSX_DEPLOYMENT_TARGET = 10.9;
				ONLY_ACTIVE_ARCH = YES;
				SDKROOT = macosx;
			};
			name = Debug;
		};
		6DBBF3E21981E33200AD0BB9 /* Release */ = {
			isa = XCBuildConfiguration;
			buildSettings = {
				ALWAYS_SEARCH_USER_PATHS = NO;
				CLANG_CXX_LANGUAGE_STANDARD = "gnu++0x";
				CLANG_CXX_LIBRARY = "libc++";
				CLANG_ENABLE_MODULES = YES;
				CLANG_ENABLE_OBJC_ARC = YES;
				CLANG_WARN_BOOL_CONVERSION = YES;
				CLANG_WARN_CONSTANT_CONVERSION = YES;
				CLANG_WARN_DIRECT_OBJC_ISA_USAGE = YES_ERROR;
				CLANG_WARN_EMPTY_BODY = YES;
				CLANG_WARN_ENUM_CONVERSION = YES;
				CLANG_WARN_INT_CONVERSION = YES;
				CLANG_WARN_OBJC_ROOT_CLASS = YES_ERROR;
				CLANG_WARN__DUPLICATE_METHOD_MATCH = YES;
				COPY_PHASE_STRIP = YES;
				DEBUG_INFORMATION_FORMAT = "dwarf-with-dsym";
				ENABLE_NS_ASSERTIONS = NO;
				GCC_C_LANGUAGE_STANDARD = gnu99;
				GCC_ENABLE_OBJC_EXCEPTIONS = YES;
				GCC_WARN_64_TO_32_BIT_CONVERSION = YES;
				GCC_WARN_ABOUT_RETURN_TYPE = YES_ERROR;
				GCC_WARN_UNDECLARED_SELECTOR = YES;
				GCC_WARN_UNINITIALIZED_AUTOS = YES_AGGRESSIVE;
				GCC_WARN_UNUSED_FUNCTION = YES;
				GCC_WARN_UNUSED_VARIABLE = YES;
				MACOSX_DEPLOYMENT_TARGET = 10.9;
				SDKROOT = macosx;
			};
			name = Release;
		};
		6DBBF3E41981E33200AD0BB9 /* Debug */ = {
			isa = XCBuildConfiguration;
			buildSettings = {
				PRODUCT_NAME = "$(TARGET_NAME)";
			};
			name = Debug;
		};
		6DBBF3E51981E33200AD0BB9 /* Release */ = {
			isa = XCBuildConfiguration;
			buildSettings = {
				PRODUCT_NAME = "$(TARGET_NAME)";
			};
			name = Release;
		};
/* End XCBuildConfiguration section */

/* Begin XCConfigurationList section */
		6DBBF3D51981E33200AD0BB9 /* Build configuration list for PBXProject "TSP" */ = {
			isa = XCConfigurationList;
			buildConfigurations = (
				6DBBF3E11981E33200AD0BB9 /* Debug */,
				6DBBF3E21981E33200AD0BB9 /* Release */,
			);
			defaultConfigurationIsVisible = 0;
			defaultConfigurationName = Release;
		};
		6DBBF3E31981E33200AD0BB9 /* Build configuration list for PBXNativeTarget "TSP" */ = {
			isa = XCConfigurationList;
			buildConfigurations = (
				6DBBF3E41981E33200AD0BB9 /* Debug */,
				6DBBF3E51981E33200AD0BB9 /* Release */,
			);
			defaultConfigurationIsVisible = 0;
			defaultConfigurationName = Release;
		};
/* End XCConfigurationList section */
	};
	rootObject = 6DBBF3D21981E33200AD0BB9 /* Project object */;
}
