// !$*UTF8*$!
{
	archiveVersion = 1;
	classes = {
	};
	objectVersion = 46;
	objects = {

/* Begin PBXBuildFile section */
		6DA5647D1BDA1EF8005138E7 /* cityLocData.cpp in Sources */ = {isa = PBXBuildFile; fileRef = 6DA564741BDA1EF8005138E7 /* cityLocData.cpp */; };
		6DA5647E1BDA1EF8005138E7 /* GeneticTSPSolver.cpp in Sources */ = {isa = PBXBuildFile; fileRef = 6DA564761BDA1EF8005138E7 /* GeneticTSPSolver.cpp */; };
		6DA5647F1BDA1EF8005138E7 /* main.cpp in Sources */ = {isa = PBXBuildFile; fileRef = 6DA564781BDA1EF8005138E7 /* main.cpp */; };
		6DA564801BDA1EF8005138E7 /* OpenGLMgr.cpp in Sources */ = {isa = PBXBuildFile; fileRef = 6DA564791BDA1EF8005138E7 /* OpenGLMgr.cpp */; };
		6DA564811BDA1EF8005138E7 /* utilities.cpp in Sources */ = {isa = PBXBuildFile; fileRef = 6DA5647B1BDA1EF8005138E7 /* utilities.cpp */; };
		6DA564841BDA1F08005138E7 /* GLUT.framework in Frameworks */ = {isa = PBXBuildFile; fileRef = 6DA564821BDA1F08005138E7 /* GLUT.framework */; };
		6DA564851BDA1F08005138E7 /* OpenGL.framework in Frameworks */ = {isa = PBXBuildFile; fileRef = 6DA564831BDA1F08005138E7 /* OpenGL.framework */; };
/* End PBXBuildFile section */

/* Begin PBXCopyFilesBuildPhase section */
		6D6267EB1BDA1EB5008B22A1 /* CopyFiles */ = {
			isa = PBXCopyFilesBuildPhase;
			buildActionMask = 2147483647;
			dstPath = /usr/share/man/man1/;
			dstSubfolderSpec = 0;
			files = (
			);
			runOnlyForDeploymentPostprocessing = 1;
		};
/* End PBXCopyFilesBuildPhase section */

/* Begin PBXFileReference section */
		6D6267ED1BDA1EB5008B22A1 /* Monalisa_CPU_HomeXCode */ = {isa = PBXFileReference; explicitFileType = "compiled.mach-o.executable"; includeInIndex = 0; path = Monalisa_CPU_HomeXCode; sourceTree = BUILT_PRODUCTS_DIR; };
		6DA564741BDA1EF8005138E7 /* cityLocData.cpp */ = {isa = PBXFileReference; fileEncoding = 4; lastKnownFileType = sourcecode.cpp.cpp; name = cityLocData.cpp; path = ../../GPUmBCSCX/cityLocData.cpp; sourceTree = "<group>"; };
		6DA564751BDA1EF8005138E7 /* cityLocData.h */ = {isa = PBXFileReference; fileEncoding = 4; lastKnownFileType = sourcecode.c.h; name = cityLocData.h; path = ../../GPUmBCSCX/cityLocData.h; sourceTree = "<group>"; };
		6DA564761BDA1EF8005138E7 /* GeneticTSPSolver.cpp */ = {isa = PBXFileReference; fileEncoding = 4; lastKnownFileType = sourcecode.cpp.cpp; name = GeneticTSPSolver.cpp; path = ../../GPUmBCSCX/GeneticTSPSolver.cpp; sourceTree = "<group>"; };
		6DA564771BDA1EF8005138E7 /* GeneticTSPSolver.h */ = {isa = PBXFileReference; fileEncoding = 4; lastKnownFileType = sourcecode.c.h; name = GeneticTSPSolver.h; path = ../../GPUmBCSCX/GeneticTSPSolver.h; sourceTree = "<group>"; };
		6DA564781BDA1EF8005138E7 /* main.cpp */ = {isa = PBXFileReference; fileEncoding = 4; lastKnownFileType = sourcecode.cpp.cpp; name = main.cpp; path = ../../GPUmBCSCX/main.cpp; sourceTree = "<group>"; };
		6DA564791BDA1EF8005138E7 /* OpenGLMgr.cpp */ = {isa = PBXFileReference; fileEncoding = 4; lastKnownFileType = sourcecode.cpp.cpp; name = OpenGLMgr.cpp; path = ../../GPUmBCSCX/OpenGLMgr.cpp; sourceTree = "<group>"; };
		6DA5647A1BDA1EF8005138E7 /* OpenGLMgr.h */ = {isa = PBXFileReference; fileEncoding = 4; lastKnownFileType = sourcecode.c.h; name = OpenGLMgr.h; path = ../../GPUmBCSCX/OpenGLMgr.h; sourceTree = "<group>"; };
		6DA5647B1BDA1EF8005138E7 /* utilities.cpp */ = {isa = PBXFileReference; fileEncoding = 4; lastKnownFileType = sourcecode.cpp.cpp; name = utilities.cpp; path = ../../GPUmBCSCX/utilities.cpp; sourceTree = "<group>"; };
		6DA5647C1BDA1EF8005138E7 /* utilities.h */ = {isa = PBXFileReference; fileEncoding = 4; lastKnownFileType = sourcecode.c.h; name = utilities.h; path = ../../GPUmBCSCX/utilities.h; sourceTree = "<group>"; };
		6DA564821BDA1F08005138E7 /* GLUT.framework */ = {isa = PBXFileReference; lastKnownFileType = wrapper.framework; name = GLUT.framework; path = System/Library/Frameworks/GLUT.framework; sourceTree = SDKROOT; };
		6DA564831BDA1F08005138E7 /* OpenGL.framework */ = {isa = PBXFileReference; lastKnownFileType = wrapper.framework; name = OpenGL.framework; path = System/Library/Frameworks/OpenGL.framework; sourceTree = SDKROOT; };
/* End PBXFileReference section */

/* Begin PBXFrameworksBuildPhase section */
		6D6267EA1BDA1EB5008B22A1 /* Frameworks */ = {
			isa = PBXFrameworksBuildPhase;
			buildActionMask = 2147483647;
			files = (
				6DA564841BDA1F08005138E7 /* GLUT.framework in Frameworks */,
				6DA564851BDA1F08005138E7 /* OpenGL.framework in Frameworks */,
			);
			runOnlyForDeploymentPostprocessing = 0;
		};
/* End PBXFrameworksBuildPhase section */

/* Begin PBXGroup section */
		6D6267E41BDA1EB5008B22A1 = {
			isa = PBXGroup;
			children = (
				6DA564821BDA1F08005138E7 /* GLUT.framework */,
				6DA564831BDA1F08005138E7 /* OpenGL.framework */,
				6D6267EF1BDA1EB5008B22A1 /* Monalisa_CPU_HomeXCode */,
				6D6267EE1BDA1EB5008B22A1 /* Products */,
			);
			sourceTree = "<group>";
		};
		6D6267EE1BDA1EB5008B22A1 /* Products */ = {
			isa = PBXGroup;
			children = (
				6D6267ED1BDA1EB5008B22A1 /* Monalisa_CPU_HomeXCode */,
			);
			name = Products;
			sourceTree = "<group>";
		};
		6D6267EF1BDA1EB5008B22A1 /* Monalisa_CPU_HomeXCode */ = {
			isa = PBXGroup;
			children = (
				6DA564741BDA1EF8005138E7 /* cityLocData.cpp */,
				6DA564751BDA1EF8005138E7 /* cityLocData.h */,
				6DA564761BDA1EF8005138E7 /* GeneticTSPSolver.cpp */,
				6DA564771BDA1EF8005138E7 /* GeneticTSPSolver.h */,
				6DA564781BDA1EF8005138E7 /* main.cpp */,
				6DA564791BDA1EF8005138E7 /* OpenGLMgr.cpp */,
				6DA5647A1BDA1EF8005138E7 /* OpenGLMgr.h */,
				6DA5647B1BDA1EF8005138E7 /* utilities.cpp */,
				6DA5647C1BDA1EF8005138E7 /* utilities.h */,
			);
			path = Monalisa_CPU_HomeXCode;
			sourceTree = "<group>";
		};
/* End PBXGroup section */

/* Begin PBXNativeTarget section */
		6D6267EC1BDA1EB5008B22A1 /* Monalisa_CPU_HomeXCode */ = {
			isa = PBXNativeTarget;
			buildConfigurationList = 6D6267F41BDA1EB5008B22A1 /* Build configuration list for PBXNativeTarget "Monalisa_CPU_HomeXCode" */;
			buildPhases = (
				6D6267E91BDA1EB5008B22A1 /* Sources */,
				6D6267EA1BDA1EB5008B22A1 /* Frameworks */,
				6D6267EB1BDA1EB5008B22A1 /* CopyFiles */,
			);
			buildRules = (
			);
			dependencies = (
			);
			name = Monalisa_CPU_HomeXCode;
			productName = Monalisa_CPU_HomeXCode;
			productReference = 6D6267ED1BDA1EB5008B22A1 /* Monalisa_CPU_HomeXCode */;
			productType = "com.apple.product-type.tool";
		};
/* End PBXNativeTarget section */

/* Begin PBXProject section */
		6D6267E51BDA1EB5008B22A1 /* Project object */ = {
			isa = PBXProject;
			attributes = {
				LastUpgradeCheck = 0630;
				ORGANIZATIONNAME = "young-min kang";
				TargetAttributes = {
					6D6267EC1BDA1EB5008B22A1 = {
						CreatedOnToolsVersion = 6.3.2;
					};
				};
			};
			buildConfigurationList = 6D6267E81BDA1EB5008B22A1 /* Build configuration list for PBXProject "Monalisa_CPU_HomeXCode" */;
			compatibilityVersion = "Xcode 3.2";
			developmentRegion = English;
			hasScannedForEncodings = 0;
			knownRegions = (
				en,
			);
			mainGroup = 6D6267E41BDA1EB5008B22A1;
			productRefGroup = 6D6267EE1BDA1EB5008B22A1 /* Products */;
			projectDirPath = "";
			projectRoot = "";
			targets = (
				6D6267EC1BDA1EB5008B22A1 /* Monalisa_CPU_HomeXCode */,
			);
		};
/* End PBXProject section */

/* Begin PBXSourcesBuildPhase section */
		6D6267E91BDA1EB5008B22A1 /* Sources */ = {
			isa = PBXSourcesBuildPhase;
			buildActionMask = 2147483647;
			files = (
				6DA564811BDA1EF8005138E7 /* utilities.cpp in Sources */,
				6DA5647E1BDA1EF8005138E7 /* GeneticTSPSolver.cpp in Sources */,
				6DA564801BDA1EF8005138E7 /* OpenGLMgr.cpp in Sources */,
				6DA5647D1BDA1EF8005138E7 /* cityLocData.cpp in Sources */,
				6DA5647F1BDA1EF8005138E7 /* main.cpp in Sources */,
			);
			runOnlyForDeploymentPostprocessing = 0;
		};
/* End PBXSourcesBuildPhase section */

/* Begin XCBuildConfiguration section */
		6D6267F21BDA1EB5008B22A1 /* Debug */ = {
			isa = XCBuildConfiguration;
			buildSettings = {
				ALWAYS_SEARCH_USER_PATHS = NO;
				CLANG_CXX_LANGUAGE_STANDARD = "gnu++0x";
				CLANG_CXX_LIBRARY = "libc++";
				CLANG_ENABLE_MODULES = YES;
				CLANG_ENABLE_OBJC_ARC = YES;
				CLANG_WARN_BOOL_CONVERSION = YES;
				CLANG_WARN_CONSTANT_CONVERSION = YES;
				CLANG_WARN_DIRECT_OBJC_ISA_USAGE = YES_ERROR;
				CLANG_WARN_EMPTY_BODY = YES;
				CLANG_WARN_ENUM_CONVERSION = YES;
				CLANG_WARN_INT_CONVERSION = YES;
				CLANG_WARN_OBJC_ROOT_CLASS = YES_ERROR;
				CLANG_WARN_UNREACHABLE_CODE = YES;
				CLANG_WARN__DUPLICATE_METHOD_MATCH = YES;
				COPY_PHASE_STRIP = NO;
				DEBUG_INFORMATION_FORMAT = dwarf;
				ENABLE_STRICT_OBJC_MSGSEND = YES;
				GCC_C_LANGUAGE_STANDARD = gnu99;
				GCC_DYNAMIC_NO_PIC = NO;
				GCC_NO_COMMON_BLOCKS = YES;
				GCC_OPTIMIZATION_LEVEL = 0;
				GCC_PREPROCESSOR_DEFINITIONS = (
					"DEBUG=1",
					"$(inherited)",
				);
				GCC_SYMBOLS_PRIVATE_EXTERN = NO;
				GCC_WARN_64_TO_32_BIT_CONVERSION = YES;
				GCC_WARN_ABOUT_RETURN_TYPE = YES_ERROR;
				GCC_WARN_UNDECLARED_SELECTOR = YES;
				GCC_WARN_UNINITIALIZED_AUTOS = YES_AGGRESSIVE;
				GCC_WARN_UNUSED_FUNCTION = YES;
				GCC_WARN_UNUSED_VARIABLE = YES;
				MACOSX_DEPLOYMENT_TARGET = 10.10;
				MTL_ENABLE_DEBUG_INFO = YES;
				ONLY_ACTIVE_ARCH = YES;
				SDKROOT = macosx;
			};
			name = Debug;
		};
		6D6267F31BDA1EB5008B22A1 /* Release */ = {
			isa = XCBuildConfiguration;
			buildSettings = {
				ALWAYS_SEARCH_USER_PATHS = NO;
				CLANG_CXX_LANGUAGE_STANDARD = "gnu++0x";
				CLANG_CXX_LIBRARY = "libc++";
				CLANG_ENABLE_MODULES = YES;
				CLANG_ENABLE_OBJC_ARC = YES;
				CLANG_WARN_BOOL_CONVERSION = YES;
				CLANG_WARN_CONSTANT_CONVERSION = YES;
				CLANG_WARN_DIRECT_OBJC_ISA_USAGE = YES_ERROR;
				CLANG_WARN_EMPTY_BODY = YES;
				CLANG_WARN_ENUM_CONVERSION = YES;
				CLANG_WARN_INT_CONVERSION = YES;
				CLANG_WARN_OBJC_ROOT_CLASS = YES_ERROR;
				CLANG_WARN_UNREACHABLE_CODE = YES;
				CLANG_WARN__DUPLICATE_METHOD_MATCH = YES;
				COPY_PHASE_STRIP = NO;
				DEBUG_INFORMATION_FORMAT = "dwarf-with-dsym";
				ENABLE_NS_ASSERTIONS = NO;
				ENABLE_STRICT_OBJC_MSGSEND = YES;
				GCC_C_LANGUAGE_STANDARD = gnu99;
				GCC_NO_COMMON_BLOCKS = YES;
				GCC_WARN_64_TO_32_BIT_CONVERSION = YES;
				GCC_WARN_ABOUT_RETURN_TYPE = YES_ERROR;
				GCC_WARN_UNDECLARED_SELECTOR = YES;
				GCC_WARN_UNINITIALIZED_AUTOS = YES_AGGRESSIVE;
				GCC_WARN_UNUSED_FUNCTION = YES;
				GCC_WARN_UNUSED_VARIABLE = YES;
				MACOSX_DEPLOYMENT_TARGET = 10.10;
				MTL_ENABLE_DEBUG_INFO = NO;
				SDKROOT = macosx;
			};
			name = Release;
		};
		6D6267F51BDA1EB5008B22A1 /* Debug */ = {
			isa = XCBuildConfiguration;
			buildSettings = {
				PRODUCT_NAME = "$(TARGET_NAME)";
			};
			name = Debug;
		};
		6D6267F61BDA1EB5008B22A1 /* Release */ = {
			isa = XCBuildConfiguration;
			buildSettings = {
				PRODUCT_NAME = "$(TARGET_NAME)";
			};
			name = Release;
		};
/* End XCBuildConfiguration section */

/* Begin XCConfigurationList section */
		6D6267E81BDA1EB5008B22A1 /* Build configuration list for PBXProject "Monalisa_CPU_HomeXCode" */ = {
			isa = XCConfigurationList;
			buildConfigurations = (
				6D6267F21BDA1EB5008B22A1 /* Debug */,
				6D6267F31BDA1EB5008B22A1 /* Release */,
			);
			defaultConfigurationIsVisible = 0;
			defaultConfigurationName = Release;
		};
		6D6267F41BDA1EB5008B22A1 /* Build configuration list for PBXNativeTarget "Monalisa_CPU_HomeXCode" */ = {
			isa = XCConfigurationList;
			buildConfigurations = (
				6D6267F51BDA1EB5008B22A1 /* Debug */,
				6D6267F61BDA1EB5008B22A1 /* Release */,
			);
			defaultConfigurationIsVisible = 0;
			defaultConfigurationName = Release;
		};
/* End XCConfigurationList section */
	};
	rootObject = 6D6267E51BDA1EB5008B22A1 /* Project object */;
}
